// !$*UTF8*$!
{
	archiveVersion = 1;
	classes = {
	};
	objectVersion = 46;
	objects = {

/* Begin PBXBuildFile section */
		2100314C1ADD965F00E1DD6D /* AppDelegate.swift in Sources */ = {isa = PBXBuildFile; fileRef = 2100314B1ADD965F00E1DD6D /* AppDelegate.swift */; };
		210031511ADD966000E1DD6D /* Main.storyboard in Resources */ = {isa = PBXBuildFile; fileRef = 2100314F1ADD966000E1DD6D /* Main.storyboard */; };
		210031531ADD966000E1DD6D /* Images.xcassets in Resources */ = {isa = PBXBuildFile; fileRef = 210031521ADD966000E1DD6D /* Images.xcassets */; };
		210031561ADD966000E1DD6D /* LaunchScreen.xib in Resources */ = {isa = PBXBuildFile; fileRef = 210031541ADD966000E1DD6D /* LaunchScreen.xib */; };
		210031621ADD966000E1DD6D /* seaCowTests.swift in Sources */ = {isa = PBXBuildFile; fileRef = 210031611ADD966000E1DD6D /* seaCowTests.swift */; };
		2100316C1ADD968400E1DD6D /* CardViewController.swift in Sources */ = {isa = PBXBuildFile; fileRef = 2100316B1ADD968400E1DD6D /* CardViewController.swift */; };
		2110FD981AF93D990072B21A /* CoreData.framework in Frameworks */ = {isa = PBXBuildFile; fileRef = 2110FD971AF93D990072B21A /* CoreData.framework */; };
		2110FDCC1AF93E300072B21A /* seaCow.xcdatamodeld in Sources */ = {isa = PBXBuildFile; fileRef = 2110FDCA1AF93E300072B21A /* seaCow.xcdatamodeld */; };
		212974CE1AE6C9F600E3597C /* TwitterKit.framework in Frameworks */ = {isa = PBXBuildFile; fileRef = 212974CB1AE6C9F600E3597C /* TwitterKit.framework */; };
		212974CF1AE6C9F700E3597C /* TwitterKitResources.bundle in Resources */ = {isa = PBXBuildFile; fileRef = 212974CC1AE6C9F600E3597C /* TwitterKitResources.bundle */; };
		212974D01AE6C9F700E3597C /* Fabric.framework in Frameworks */ = {isa = PBXBuildFile; fileRef = 212974CD1AE6C9F600E3597C /* Fabric.framework */; };
		2148088B1AE015EF008EB6C0 /* ReadingListViewController.swift in Sources */ = {isa = PBXBuildFile; fileRef = 2148088A1AE015EF008EB6C0 /* ReadingListViewController.swift */; };
		2148088D1AE01792008EB6C0 /* ArticleViewController.swift in Sources */ = {isa = PBXBuildFile; fileRef = 2148088C1AE01792008EB6C0 /* ArticleViewController.swift */; };
		2148088F1AE017C1008EB6C0 /* SettingsViewController.swift in Sources */ = {isa = PBXBuildFile; fileRef = 2148088E1AE017C1008EB6C0 /* SettingsViewController.swift */; };
		218394121AFFD74800B4E8CF /* History.swift in Sources */ = {isa = PBXBuildFile; fileRef = 218394111AFFD74800B4E8CF /* History.swift */; };
		21BB4B1A1AFBDD82006D2BA0 /* ReadArticle.swift in Sources */ = {isa = PBXBuildFile; fileRef = 21BB4B191AFBDD82006D2BA0 /* ReadArticle.swift */; };
		21BB4B1C1AFBDE51006D2BA0 /* ReadingList.swift in Sources */ = {isa = PBXBuildFile; fileRef = 21BB4B1B1AFBDE51006D2BA0 /* ReadingList.swift */; };
		540331AB1AF9308200B96818 /* CustomCell.swift in Sources */ = {isa = PBXBuildFile; fileRef = 540331AA1AF9308200B96818 /* CustomCell.swift */; };
		5431260A1AEFED6B007BE36E /* OverlayView.swift in Sources */ = {isa = PBXBuildFile; fileRef = 543126091AEFED6B007BE36E /* OverlayView.swift */; };
		5431260C1AEFED9C007BE36E /* SwipeCardsViewBackground.swift in Sources */ = {isa = PBXBuildFile; fileRef = 5431260B1AEFED9C007BE36E /* SwipeCardsViewBackground.swift */; };
		5431260E1AEFEDD7007BE36E /* NYTArticles.swift in Sources */ = {isa = PBXBuildFile; fileRef = 5431260D1AEFEDD7007BE36E /* NYTArticles.swift */; };
		543126101AEFEE04007BE36E /* ArticleData.swift in Sources */ = {isa = PBXBuildFile; fileRef = 5431260F1AEFEE04007BE36E /* ArticleData.swift */; };
		5495BAAC1B029D5C00091B5A /* settings.png in Resources */ = {isa = PBXBuildFile; fileRef = 5495BAAB1B029D5C00091B5A /* settings.png */; };
		5495BAB71B02AE8600091B5A /* settings2.png in Resources */ = {isa = PBXBuildFile; fileRef = 5495BAB51B02AE8600091B5A /* settings2.png */; };
		5495BAB81B02AE8600091B5A /* settings3.png in Resources */ = {isa = PBXBuildFile; fileRef = 5495BAB61B02AE8600091B5A /* settings3.png */; };
		549639E51AE0305C00BF5866 /* SwipeCardsView.swift in Sources */ = {isa = PBXBuildFile; fileRef = 549639E41AE0305C00BF5866 /* SwipeCardsView.swift */; };
		54CB925E1AFC027500BC63C3 /* GothamBold.ttf in Resources */ = {isa = PBXBuildFile; fileRef = 54CB925D1AFC027500BC63C3 /* GothamBold.ttf */; };
		54DAD1641AF98C25000444F0 /* cardbackground.png in Resources */ = {isa = PBXBuildFile; fileRef = 54DAD1631AF98C25000444F0 /* cardbackground.png */; };
		54DAD1661AF98E44000444F0 /* gradient.png in Resources */ = {isa = PBXBuildFile; fileRef = 54DAD1651AF98E44000444F0 /* gradient.png */; };
		54FAE7101B02D8E00013B59A /* readinglist1.png in Resources */ = {isa = PBXBuildFile; fileRef = 54FAE70D1B02D8E00013B59A /* readinglist1.png */; };
		54FAE7111B02D8E00013B59A /* readinglist2.png in Resources */ = {isa = PBXBuildFile; fileRef = 54FAE70E1B02D8E00013B59A /* readinglist2.png */; };
		54FAE7121B02D8E00013B59A /* readinglist3.png in Resources */ = {isa = PBXBuildFile; fileRef = 54FAE70F1B02D8E00013B59A /* readinglist3.png */; };
		54FAE7141B02F6670013B59A /* load.png in Resources */ = {isa = PBXBuildFile; fileRef = 54FAE7131B02F6670013B59A /* load.png */; };
		54FAE7161B02F9B20013B59A /* load2.png in Resources */ = {isa = PBXBuildFile; fileRef = 54FAE7151B02F9B20013B59A /* load2.png */; };
		54FAE7181B02FE0B0013B59A /* background.png in Resources */ = {isa = PBXBuildFile; fileRef = 54FAE7171B02FE0B0013B59A /* background.png */; };
		54FAE71C1B0310870013B59A /* tiny.png in Resources */ = {isa = PBXBuildFile; fileRef = 54FAE71B1B0310870013B59A /* tiny.png */; };
		54FAE71E1B031AAA0013B59A /* slightlylarger.png in Resources */ = {isa = PBXBuildFile; fileRef = 54FAE71D1B031AAA0013B59A /* slightlylarger.png */; };
		54FAE7201B031D310013B59A /* 3X.png in Resources */ = {isa = PBXBuildFile; fileRef = 54FAE71F1B031D310013B59A /* 3X.png */; };
/* End PBXBuildFile section */

/* Begin PBXContainerItemProxy section */
		2100315C1ADD966000E1DD6D /* PBXContainerItemProxy */ = {
			isa = PBXContainerItemProxy;
			containerPortal = 2100313E1ADD965F00E1DD6D /* Project object */;
			proxyType = 1;
			remoteGlobalIDString = 210031451ADD965F00E1DD6D;
			remoteInfo = seaCow;
		};
/* End PBXContainerItemProxy section */

/* Begin PBXFileReference section */
		210031461ADD965F00E1DD6D /* seaCow.app */ = {isa = PBXFileReference; explicitFileType = wrapper.application; includeInIndex = 0; path = seaCow.app; sourceTree = BUILT_PRODUCTS_DIR; };
		2100314A1ADD965F00E1DD6D /* Info.plist */ = {isa = PBXFileReference; lastKnownFileType = text.plist.xml; path = Info.plist; sourceTree = "<group>"; };
		2100314B1ADD965F00E1DD6D /* AppDelegate.swift */ = {isa = PBXFileReference; lastKnownFileType = sourcecode.swift; path = AppDelegate.swift; sourceTree = "<group>"; };
		210031501ADD966000E1DD6D /* Base */ = {isa = PBXFileReference; lastKnownFileType = file.storyboard; name = Base; path = Base.lproj/Main.storyboard; sourceTree = "<group>"; };
		210031521ADD966000E1DD6D /* Images.xcassets */ = {isa = PBXFileReference; lastKnownFileType = folder.assetcatalog; path = Images.xcassets; sourceTree = "<group>"; };
		210031551ADD966000E1DD6D /* Base */ = {isa = PBXFileReference; lastKnownFileType = file.xib; name = Base; path = Base.lproj/LaunchScreen.xib; sourceTree = "<group>"; };
		2100315B1ADD966000E1DD6D /* seaCowTests.xctest */ = {isa = PBXFileReference; explicitFileType = wrapper.cfbundle; includeInIndex = 0; path = seaCowTests.xctest; sourceTree = BUILT_PRODUCTS_DIR; };
		210031601ADD966000E1DD6D /* Info.plist */ = {isa = PBXFileReference; lastKnownFileType = text.plist.xml; path = Info.plist; sourceTree = "<group>"; };
		210031611ADD966000E1DD6D /* seaCowTests.swift */ = {isa = PBXFileReference; lastKnownFileType = sourcecode.swift; path = seaCowTests.swift; sourceTree = "<group>"; };
		2100316B1ADD968400E1DD6D /* CardViewController.swift */ = {isa = PBXFileReference; fileEncoding = 4; lastKnownFileType = sourcecode.swift; path = CardViewController.swift; sourceTree = "<group>"; };
		2110FD971AF93D990072B21A /* CoreData.framework */ = {isa = PBXFileReference; lastKnownFileType = wrapper.framework; name = CoreData.framework; path = System/Library/Frameworks/CoreData.framework; sourceTree = SDKROOT; };
		2110FDCB1AF93E300072B21A /* seaCow.xcdatamodel */ = {isa = PBXFileReference; lastKnownFileType = wrapper.xcdatamodel; path = seaCow.xcdatamodel; sourceTree = "<group>"; };
		212974CB1AE6C9F600E3597C /* TwitterKit.framework */ = {isa = PBXFileReference; lastKnownFileType = wrapper.framework; path = TwitterKit.framework; sourceTree = "<group>"; };
		212974CC1AE6C9F600E3597C /* TwitterKitResources.bundle */ = {isa = PBXFileReference; lastKnownFileType = "wrapper.plug-in"; path = TwitterKitResources.bundle; sourceTree = "<group>"; };
		212974CD1AE6C9F600E3597C /* Fabric.framework */ = {isa = PBXFileReference; lastKnownFileType = wrapper.framework; path = Fabric.framework; sourceTree = "<group>"; };
		2148088A1AE015EF008EB6C0 /* ReadingListViewController.swift */ = {isa = PBXFileReference; fileEncoding = 4; lastKnownFileType = sourcecode.swift; path = ReadingListViewController.swift; sourceTree = "<group>"; };
		2148088C1AE01792008EB6C0 /* ArticleViewController.swift */ = {isa = PBXFileReference; fileEncoding = 4; lastKnownFileType = sourcecode.swift; path = ArticleViewController.swift; sourceTree = "<group>"; };
		2148088E1AE017C1008EB6C0 /* SettingsViewController.swift */ = {isa = PBXFileReference; fileEncoding = 4; lastKnownFileType = sourcecode.swift; path = SettingsViewController.swift; sourceTree = "<group>"; };
		218394111AFFD74800B4E8CF /* History.swift */ = {isa = PBXFileReference; fileEncoding = 4; lastKnownFileType = sourcecode.swift; name = History.swift; path = ../History.swift; sourceTree = "<group>"; };
		21BB4B191AFBDD82006D2BA0 /* ReadArticle.swift */ = {isa = PBXFileReference; fileEncoding = 4; lastKnownFileType = sourcecode.swift; path = ReadArticle.swift; sourceTree = "<group>"; };
		21BB4B1B1AFBDE51006D2BA0 /* ReadingList.swift */ = {isa = PBXFileReference; fileEncoding = 4; lastKnownFileType = sourcecode.swift; path = ReadingList.swift; sourceTree = "<group>"; };
		540331AA1AF9308200B96818 /* CustomCell.swift */ = {isa = PBXFileReference; fileEncoding = 4; lastKnownFileType = sourcecode.swift; path = CustomCell.swift; sourceTree = "<group>"; };
		543126091AEFED6B007BE36E /* OverlayView.swift */ = {isa = PBXFileReference; fileEncoding = 4; lastKnownFileType = sourcecode.swift; path = OverlayView.swift; sourceTree = "<group>"; };
		5431260B1AEFED9C007BE36E /* SwipeCardsViewBackground.swift */ = {isa = PBXFileReference; fileEncoding = 4; lastKnownFileType = sourcecode.swift; path = SwipeCardsViewBackground.swift; sourceTree = "<group>"; };
		5431260D1AEFEDD7007BE36E /* NYTArticles.swift */ = {isa = PBXFileReference; fileEncoding = 4; lastKnownFileType = sourcecode.swift; path = NYTArticles.swift; sourceTree = "<group>"; };
		5431260F1AEFEE04007BE36E /* ArticleData.swift */ = {isa = PBXFileReference; fileEncoding = 4; lastKnownFileType = sourcecode.swift; path = ArticleData.swift; sourceTree = "<group>"; };
		5495BAAB1B029D5C00091B5A /* settings.png */ = {isa = PBXFileReference; lastKnownFileType = image.png; path = settings.png; sourceTree = "<group>"; };
		5495BAB41B02AE1400091B5A /* Gotham-Light.ttf */ = {isa = PBXFileReference; lastKnownFileType = file; path = "Gotham-Light.ttf"; sourceTree = "<group>"; };
		5495BAB51B02AE8600091B5A /* settings2.png */ = {isa = PBXFileReference; lastKnownFileType = image.png; path = settings2.png; sourceTree = "<group>"; };
		5495BAB61B02AE8600091B5A /* settings3.png */ = {isa = PBXFileReference; lastKnownFileType = image.png; path = settings3.png; sourceTree = "<group>"; };
		549639E41AE0305C00BF5866 /* SwipeCardsView.swift */ = {isa = PBXFileReference; fileEncoding = 4; lastKnownFileType = sourcecode.swift; path = SwipeCardsView.swift; sourceTree = "<group>"; wrapsLines = 1; };
		54CB925D1AFC027500BC63C3 /* GothamBold.ttf */ = {isa = PBXFileReference; lastKnownFileType = file; path = GothamBold.ttf; sourceTree = "<group>"; };
		54DAD1631AF98C25000444F0 /* cardbackground.png */ = {isa = PBXFileReference; lastKnownFileType = image.png; path = cardbackground.png; sourceTree = "<group>"; };
		54DAD1651AF98E44000444F0 /* gradient.png */ = {isa = PBXFileReference; lastKnownFileType = image.png; path = gradient.png; sourceTree = "<group>"; };
		54FAE70D1B02D8E00013B59A /* readinglist1.png */ = {isa = PBXFileReference; lastKnownFileType = image.png; path = readinglist1.png; sourceTree = "<group>"; };
		54FAE70E1B02D8E00013B59A /* readinglist2.png */ = {isa = PBXFileReference; lastKnownFileType = image.png; path = readinglist2.png; sourceTree = "<group>"; };
		54FAE70F1B02D8E00013B59A /* readinglist3.png */ = {isa = PBXFileReference; lastKnownFileType = image.png; path = readinglist3.png; sourceTree = "<group>"; };
		54FAE7131B02F6670013B59A /* load.png */ = {isa = PBXFileReference; lastKnownFileType = image.png; path = load.png; sourceTree = "<group>"; };
		54FAE7151B02F9B20013B59A /* load2.png */ = {isa = PBXFileReference; lastKnownFileType = image.png; path = load2.png; sourceTree = "<group>"; };
		54FAE7171B02FE0B0013B59A /* background.png */ = {isa = PBXFileReference; lastKnownFileType = image.png; path = background.png; sourceTree = "<group>"; };
		54FAE71B1B0310870013B59A /* tiny.png */ = {isa = PBXFileReference; lastKnownFileType = image.png; path = tiny.png; sourceTree = "<group>"; };
		54FAE71D1B031AAA0013B59A /* slightlylarger.png */ = {isa = PBXFileReference; lastKnownFileType = image.png; path = slightlylarger.png; sourceTree = "<group>"; };
		54FAE71F1B031D310013B59A /* 3X.png */ = {isa = PBXFileReference; lastKnownFileType = image.png; path = 3X.png; sourceTree = "<group>"; };
/* End PBXFileReference section */

/* Begin PBXFrameworksBuildPhase section */
		210031431ADD965F00E1DD6D /* Frameworks */ = {
			isa = PBXFrameworksBuildPhase;
			buildActionMask = 2147483647;
			files = (
				2110FD981AF93D990072B21A /* CoreData.framework in Frameworks */,
				212974D01AE6C9F700E3597C /* Fabric.framework in Frameworks */,
				212974CE1AE6C9F600E3597C /* TwitterKit.framework in Frameworks */,
			);
			runOnlyForDeploymentPostprocessing = 0;
		};
		210031581ADD966000E1DD6D /* Frameworks */ = {
			isa = PBXFrameworksBuildPhase;
			buildActionMask = 2147483647;
			files = (
			);
			runOnlyForDeploymentPostprocessing = 0;
		};
/* End PBXFrameworksBuildPhase section */

/* Begin PBXGroup section */
		2100313D1ADD965F00E1DD6D = {
			isa = PBXGroup;
			children = (
				2110FD971AF93D990072B21A /* CoreData.framework */,
				210031481ADD965F00E1DD6D /* seaCow */,
				2100315E1ADD966000E1DD6D /* seaCowTests */,
				210031471ADD965F00E1DD6D /* Products */,
			);
			sourceTree = "<group>";
		};
		210031471ADD965F00E1DD6D /* Products */ = {
			isa = PBXGroup;
			children = (
				210031461ADD965F00E1DD6D /* seaCow.app */,
				2100315B1ADD966000E1DD6D /* seaCowTests.xctest */,
			);
			name = Products;
			sourceTree = "<group>";
		};
		210031481ADD965F00E1DD6D /* seaCow */ = {
			isa = PBXGroup;
			children = (
				212974CB1AE6C9F600E3597C /* TwitterKit.framework */,
				212974CC1AE6C9F600E3597C /* TwitterKitResources.bundle */,
				212974CD1AE6C9F600E3597C /* Fabric.framework */,
				2100314B1ADD965F00E1DD6D /* AppDelegate.swift */,
				2100314F1ADD966000E1DD6D /* Main.storyboard */,
				54CB925D1AFC027500BC63C3 /* GothamBold.ttf */,
				5495BAB41B02AE1400091B5A /* Gotham-Light.ttf */,
				210031521ADD966000E1DD6D /* Images.xcassets */,
				210031541ADD966000E1DD6D /* LaunchScreen.xib */,
				210031491ADD965F00E1DD6D /* Supporting Files */,
				54DAD1651AF98E44000444F0 /* gradient.png */,
				54DAD1631AF98C25000444F0 /* cardbackground.png */,
				54FAE7171B02FE0B0013B59A /* background.png */,
				54FAE71B1B0310870013B59A /* tiny.png */,
				54FAE71D1B031AAA0013B59A /* slightlylarger.png */,
				54FAE71F1B031D310013B59A /* 3X.png */,
				5495BAAB1B029D5C00091B5A /* settings.png */,
				5495BAB51B02AE8600091B5A /* settings2.png */,
				5495BAB61B02AE8600091B5A /* settings3.png */,
				54FAE70D1B02D8E00013B59A /* readinglist1.png */,
				54FAE70E1B02D8E00013B59A /* readinglist2.png */,
				54FAE70F1B02D8E00013B59A /* readinglist3.png */,
				54FAE7131B02F6670013B59A /* load.png */,
				54FAE7151B02F9B20013B59A /* load2.png */,
				2100316B1ADD968400E1DD6D /* CardViewController.swift */,
				2148088A1AE015EF008EB6C0 /* ReadingListViewController.swift */,
				2148088C1AE01792008EB6C0 /* ArticleViewController.swift */,
				2148088E1AE017C1008EB6C0 /* SettingsViewController.swift */,
				549639E41AE0305C00BF5866 /* SwipeCardsView.swift */,
				543126091AEFED6B007BE36E /* OverlayView.swift */,
				5431260B1AEFED9C007BE36E /* SwipeCardsViewBackground.swift */,
				5431260D1AEFEDD7007BE36E /* NYTArticles.swift */,
				5431260F1AEFEE04007BE36E /* ArticleData.swift */,
				540331AA1AF9308200B96818 /* CustomCell.swift */,
				2110FDCA1AF93E300072B21A /* seaCow.xcdatamodeld */,
				21BB4B191AFBDD82006D2BA0 /* ReadArticle.swift */,
				21BB4B1B1AFBDE51006D2BA0 /* ReadingList.swift */,
				218394111AFFD74800B4E8CF /* History.swift */,
			);
			path = seaCow;
			sourceTree = "<group>";
		};
		210031491ADD965F00E1DD6D /* Supporting Files */ = {
			isa = PBXGroup;
			children = (
				2100314A1ADD965F00E1DD6D /* Info.plist */,
			);
			name = "Supporting Files";
			sourceTree = "<group>";
		};
		2100315E1ADD966000E1DD6D /* seaCowTests */ = {
			isa = PBXGroup;
			children = (
				210031611ADD966000E1DD6D /* seaCowTests.swift */,
				2100315F1ADD966000E1DD6D /* Supporting Files */,
			);
			path = seaCowTests;
			sourceTree = "<group>";
		};
		2100315F1ADD966000E1DD6D /* Supporting Files */ = {
			isa = PBXGroup;
			children = (
				210031601ADD966000E1DD6D /* Info.plist */,
			);
			name = "Supporting Files";
			sourceTree = "<group>";
		};
/* End PBXGroup section */

/* Begin PBXNativeTarget section */
		210031451ADD965F00E1DD6D /* seaCow */ = {
			isa = PBXNativeTarget;
			buildConfigurationList = 210031651ADD966000E1DD6D /* Build configuration list for PBXNativeTarget "seaCow" */;
			buildPhases = (
				210031421ADD965F00E1DD6D /* Sources */,
				210031431ADD965F00E1DD6D /* Frameworks */,
				210031441ADD965F00E1DD6D /* Resources */,
				212974CA1AE6C99E00E3597C /* ShellScript */,
			);
			buildRules = (
			);
			dependencies = (
			);
			name = seaCow;
			productName = seaCow;
			productReference = 210031461ADD965F00E1DD6D /* seaCow.app */;
			productType = "com.apple.product-type.application";
		};
		2100315A1ADD966000E1DD6D /* seaCowTests */ = {
			isa = PBXNativeTarget;
			buildConfigurationList = 210031681ADD966000E1DD6D /* Build configuration list for PBXNativeTarget "seaCowTests" */;
			buildPhases = (
				210031571ADD966000E1DD6D /* Sources */,
				210031581ADD966000E1DD6D /* Frameworks */,
				210031591ADD966000E1DD6D /* Resources */,
			);
			buildRules = (
			);
			dependencies = (
				2100315D1ADD966000E1DD6D /* PBXTargetDependency */,
			);
			name = seaCowTests;
			productName = seaCowTests;
			productReference = 2100315B1ADD966000E1DD6D /* seaCowTests.xctest */;
			productType = "com.apple.product-type.bundle.unit-test";
		};
/* End PBXNativeTarget section */

/* Begin PBXProject section */
		2100313E1ADD965F00E1DD6D /* Project object */ = {
			isa = PBXProject;
			attributes = {
				LastUpgradeCheck = 0820;
				ORGANIZATIONNAME = "Sea Cow";
				TargetAttributes = {
					210031451ADD965F00E1DD6D = {
						CreatedOnToolsVersion = 6.3;
						LastSwiftMigration = 0820;
					};
					2100315A1ADD966000E1DD6D = {
						CreatedOnToolsVersion = 6.3;
						LastSwiftMigration = 0820;
						TestTargetID = 210031451ADD965F00E1DD6D;
					};
				};
			};
			buildConfigurationList = 210031411ADD965F00E1DD6D /* Build configuration list for PBXProject "seaCow" */;
			compatibilityVersion = "Xcode 3.2";
			developmentRegion = English;
			hasScannedForEncodings = 0;
			knownRegions = (
				en,
				Base,
			);
			mainGroup = 2100313D1ADD965F00E1DD6D;
			productRefGroup = 210031471ADD965F00E1DD6D /* Products */;
			projectDirPath = "";
			projectRoot = "";
			targets = (
				210031451ADD965F00E1DD6D /* seaCow */,
				2100315A1ADD966000E1DD6D /* seaCowTests */,
			);
		};
/* End PBXProject section */

/* Begin PBXResourcesBuildPhase section */
		210031441ADD965F00E1DD6D /* Resources */ = {
			isa = PBXResourcesBuildPhase;
			buildActionMask = 2147483647;
			files = (
				5495BAB81B02AE8600091B5A /* settings3.png in Resources */,
				54FAE7101B02D8E00013B59A /* readinglist1.png in Resources */,
				54FAE7181B02FE0B0013B59A /* background.png in Resources */,
				210031511ADD966000E1DD6D /* Main.storyboard in Resources */,
				210031561ADD966000E1DD6D /* LaunchScreen.xib in Resources */,
				54DAD1661AF98E44000444F0 /* gradient.png in Resources */,
				5495BAAC1B029D5C00091B5A /* settings.png in Resources */,
				5495BAB71B02AE8600091B5A /* settings2.png in Resources */,
				54DAD1641AF98C25000444F0 /* cardbackground.png in Resources */,
				54FAE7201B031D310013B59A /* 3X.png in Resources */,
				210031531ADD966000E1DD6D /* Images.xcassets in Resources */,
				54FAE71C1B0310870013B59A /* tiny.png in Resources */,
				212974CF1AE6C9F700E3597C /* TwitterKitResources.bundle in Resources */,
				54FAE7141B02F6670013B59A /* load.png in Resources */,
				54FAE7121B02D8E00013B59A /* readinglist3.png in Resources */,
				54FAE71E1B031AAA0013B59A /* slightlylarger.png in Resources */,
				54CB925E1AFC027500BC63C3 /* GothamBold.ttf in Resources */,
				54FAE7161B02F9B20013B59A /* load2.png in Resources */,
				54FAE7111B02D8E00013B59A /* readinglist2.png in Resources */,
			);
			runOnlyForDeploymentPostprocessing = 0;
		};
		210031591ADD966000E1DD6D /* Resources */ = {
			isa = PBXResourcesBuildPhase;
			buildActionMask = 2147483647;
			files = (
			);
			runOnlyForDeploymentPostprocessing = 0;
		};
/* End PBXResourcesBuildPhase section */

/* Begin PBXShellScriptBuildPhase section */
		212974CA1AE6C99E00E3597C /* ShellScript */ = {
			isa = PBXShellScriptBuildPhase;
			buildActionMask = 2147483647;
			files = (
			);
			inputPaths = (
			);
			outputPaths = (
			);
			runOnlyForDeploymentPostprocessing = 0;
			shellPath = /bin/sh;
			shellScript = "./Fabric.framework/run 2ea6ebf2073d676edccd5402d696356b5b1034f0 a7bad79c6e7375ad2230a35bff92a5d03f928725f97f86f68951ed2210679755";
		};
/* End PBXShellScriptBuildPhase section */

/* Begin PBXSourcesBuildPhase section */
		210031421ADD965F00E1DD6D /* Sources */ = {
			isa = PBXSourcesBuildPhase;
			buildActionMask = 2147483647;
			files = (
				5431260E1AEFEDD7007BE36E /* NYTArticles.swift in Sources */,
				2100316C1ADD968400E1DD6D /* CardViewController.swift in Sources */,
				540331AB1AF9308200B96818 /* CustomCell.swift in Sources */,
				21BB4B1A1AFBDD82006D2BA0 /* ReadArticle.swift in Sources */,
				543126101AEFEE04007BE36E /* ArticleData.swift in Sources */,
				5431260C1AEFED9C007BE36E /* SwipeCardsViewBackground.swift in Sources */,
				2110FDCC1AF93E300072B21A /* seaCow.xcdatamodeld in Sources */,
				2148088D1AE01792008EB6C0 /* ArticleViewController.swift in Sources */,
				5431260A1AEFED6B007BE36E /* OverlayView.swift in Sources */,
				218394121AFFD74800B4E8CF /* History.swift in Sources */,
				2148088B1AE015EF008EB6C0 /* ReadingListViewController.swift in Sources */,
				549639E51AE0305C00BF5866 /* SwipeCardsView.swift in Sources */,
				2148088F1AE017C1008EB6C0 /* SettingsViewController.swift in Sources */,
				21BB4B1C1AFBDE51006D2BA0 /* ReadingList.swift in Sources */,
				2100314C1ADD965F00E1DD6D /* AppDelegate.swift in Sources */,
			);
			runOnlyForDeploymentPostprocessing = 0;
		};
		210031571ADD966000E1DD6D /* Sources */ = {
			isa = PBXSourcesBuildPhase;
			buildActionMask = 2147483647;
			files = (
				210031621ADD966000E1DD6D /* seaCowTests.swift in Sources */,
			);
			runOnlyForDeploymentPostprocessing = 0;
		};
/* End PBXSourcesBuildPhase section */

/* Begin PBXTargetDependency section */
		2100315D1ADD966000E1DD6D /* PBXTargetDependency */ = {
			isa = PBXTargetDependency;
			target = 210031451ADD965F00E1DD6D /* seaCow */;
			targetProxy = 2100315C1ADD966000E1DD6D /* PBXContainerItemProxy */;
		};
/* End PBXTargetDependency section */

/* Begin PBXVariantGroup section */
		2100314F1ADD966000E1DD6D /* Main.storyboard */ = {
			isa = PBXVariantGroup;
			children = (
				210031501ADD966000E1DD6D /* Base */,
			);
			name = Main.storyboard;
			sourceTree = "<group>";
		};
		210031541ADD966000E1DD6D /* LaunchScreen.xib */ = {
			isa = PBXVariantGroup;
			children = (
				210031551ADD966000E1DD6D /* Base */,
			);
			name = LaunchScreen.xib;
			sourceTree = "<group>";
		};
/* End PBXVariantGroup section */

/* Begin XCBuildConfiguration section */
		210031631ADD966000E1DD6D /* Debug */ = {
			isa = XCBuildConfiguration;
			buildSettings = {
				ALWAYS_SEARCH_USER_PATHS = NO;
				CLANG_CXX_LANGUAGE_STANDARD = "gnu++0x";
				CLANG_CXX_LIBRARY = "libc++";
				CLANG_ENABLE_MODULES = YES;
				CLANG_ENABLE_OBJC_ARC = YES;
				CLANG_WARN_BOOL_CONVERSION = YES;
				CLANG_WARN_CONSTANT_CONVERSION = YES;
				CLANG_WARN_DIRECT_OBJC_ISA_USAGE = YES_ERROR;
				CLANG_WARN_EMPTY_BODY = YES;
				CLANG_WARN_ENUM_CONVERSION = YES;
				CLANG_WARN_INFINITE_RECURSION = YES;
				CLANG_WARN_INT_CONVERSION = YES;
				CLANG_WARN_OBJC_ROOT_CLASS = YES_ERROR;
				CLANG_WARN_SUSPICIOUS_MOVE = YES;
				CLANG_WARN_UNREACHABLE_CODE = YES;
				CLANG_WARN__DUPLICATE_METHOD_MATCH = YES;
				"CODE_SIGN_IDENTITY[sdk=iphoneos*]" = "iPhone Developer";
				COPY_PHASE_STRIP = NO;
				DEBUG_INFORMATION_FORMAT = "dwarf-with-dsym";
				ENABLE_STRICT_OBJC_MSGSEND = YES;
				ENABLE_TESTABILITY = YES;
				GCC_C_LANGUAGE_STANDARD = gnu99;
				GCC_DYNAMIC_NO_PIC = NO;
				GCC_NO_COMMON_BLOCKS = YES;
				GCC_OPTIMIZATION_LEVEL = 0;
				GCC_PREPROCESSOR_DEFINITIONS = (
					"DEBUG=1",
					"$(inherited)",
				);
				GCC_SYMBOLS_PRIVATE_EXTERN = NO;
				GCC_WARN_64_TO_32_BIT_CONVERSION = YES;
				GCC_WARN_ABOUT_RETURN_TYPE = YES_ERROR;
				GCC_WARN_UNDECLARED_SELECTOR = YES;
				GCC_WARN_UNINITIALIZED_AUTOS = YES_AGGRESSIVE;
				GCC_WARN_UNUSED_FUNCTION = YES;
				GCC_WARN_UNUSED_VARIABLE = YES;
				IPHONEOS_DEPLOYMENT_TARGET = 10.2;
				MTL_ENABLE_DEBUG_INFO = YES;
				ONLY_ACTIVE_ARCH = YES;
				SDKROOT = iphoneos;
				SWIFT_OPTIMIZATION_LEVEL = "-Onone";
				TARGETED_DEVICE_FAMILY = "1,2";
			};
			name = Debug;
		};
		210031641ADD966000E1DD6D /* Release */ = {
			isa = XCBuildConfiguration;
			buildSettings = {
				ALWAYS_SEARCH_USER_PATHS = NO;
				CLANG_CXX_LANGUAGE_STANDARD = "gnu++0x";
				CLANG_CXX_LIBRARY = "libc++";
				CLANG_ENABLE_MODULES = YES;
				CLANG_ENABLE_OBJC_ARC = YES;
				CLANG_WARN_BOOL_CONVERSION = YES;
				CLANG_WARN_CONSTANT_CONVERSION = YES;
				CLANG_WARN_DIRECT_OBJC_ISA_USAGE = YES_ERROR;
				CLANG_WARN_EMPTY_BODY = YES;
				CLANG_WARN_ENUM_CONVERSION = YES;
				CLANG_WARN_INFINITE_RECURSION = YES;
				CLANG_WARN_INT_CONVERSION = YES;
				CLANG_WARN_OBJC_ROOT_CLASS = YES_ERROR;
				CLANG_WARN_SUSPICIOUS_MOVE = YES;
				CLANG_WARN_UNREACHABLE_CODE = YES;
				CLANG_WARN__DUPLICATE_METHOD_MATCH = YES;
				"CODE_SIGN_IDENTITY[sdk=iphoneos*]" = "iPhone Developer";
				COPY_PHASE_STRIP = NO;
				DEBUG_INFORMATION_FORMAT = "dwarf-with-dsym";
				ENABLE_NS_ASSERTIONS = NO;
				ENABLE_STRICT_OBJC_MSGSEND = YES;
				GCC_C_LANGUAGE_STANDARD = gnu99;
				GCC_NO_COMMON_BLOCKS = YES;
				GCC_WARN_64_TO_32_BIT_CONVERSION = YES;
				GCC_WARN_ABOUT_RETURN_TYPE = YES_ERROR;
				GCC_WARN_UNDECLARED_SELECTOR = YES;
				GCC_WARN_UNINITIALIZED_AUTOS = YES_AGGRESSIVE;
				GCC_WARN_UNUSED_FUNCTION = YES;
				GCC_WARN_UNUSED_VARIABLE = YES;
				IPHONEOS_DEPLOYMENT_TARGET = 10.2;
				MTL_ENABLE_DEBUG_INFO = NO;
				SDKROOT = iphoneos;
				SWIFT_OPTIMIZATION_LEVEL = "-Owholemodule";
				TARGETED_DEVICE_FAMILY = "1,2";
				VALIDATE_PRODUCT = YES;
			};
			name = Release;
		};
		210031661ADD966000E1DD6D /* Debug */ = {
			isa = XCBuildConfiguration;
			buildSettings = {
				ASSETCATALOG_COMPILER_APPICON_NAME = AppIcon;
				FRAMEWORK_SEARCH_PATHS = (
					"$(inherited)",
					/Users/sggtgb/Documents/FacebookSDK,
					"$(PROJECT_DIR)/seaCow",
				);
				INFOPLIST_FILE = seaCow/Info.plist;
				IPHONEOS_DEPLOYMENT_TARGET = 8.3;
				LD_RUNPATH_SEARCH_PATHS = "$(inherited) @executable_path/Frameworks";
				PRODUCT_BUNDLE_IDENTIFIER = "edu.missouri.cs.$(PRODUCT_NAME:rfc1034identifier)";
				PRODUCT_NAME = "$(TARGET_NAME)";
				SWIFT_VERSION = 3.0;
				TARGETED_DEVICE_FAMILY = "1,2";
			};
			name = Debug;
		};
		210031671ADD966000E1DD6D /* Release */ = {
			isa = XCBuildConfiguration;
			buildSettings = {
				ASSETCATALOG_COMPILER_APPICON_NAME = AppIcon;
				FRAMEWORK_SEARCH_PATHS = (
					"$(inherited)",
					/Users/sggtgb/Documents/FacebookSDK,
					"$(PROJECT_DIR)/seaCow",
				);
				INFOPLIST_FILE = seaCow/Info.plist;
				IPHONEOS_DEPLOYMENT_TARGET = 8.3;
				LD_RUNPATH_SEARCH_PATHS = "$(inherited) @executable_path/Frameworks";
				PRODUCT_BUNDLE_IDENTIFIER = "edu.missouri.cs.$(PRODUCT_NAME:rfc1034identifier)";
				PRODUCT_NAME = "$(TARGET_NAME)";
				SWIFT_VERSION = 3.0;
				TARGETED_DEVICE_FAMILY = "1,2";
			};
			name = Release;
		};
		210031691ADD966000E1DD6D /* Debug */ = {
			isa = XCBuildConfiguration;
			buildSettings = {
				BUNDLE_LOADER = "$(TEST_HOST)";
				FRAMEWORK_SEARCH_PATHS = (
					"$(SDKROOT)/Developer/Library/Frameworks",
					"$(inherited)",
				);
				GCC_PREPROCESSOR_DEFINITIONS = (
					"DEBUG=1",
					"$(inherited)",
				);
				INFOPLIST_FILE = seaCowTests/Info.plist;
				LD_RUNPATH_SEARCH_PATHS = "$(inherited) @executable_path/Frameworks @loader_path/Frameworks";
				PRODUCT_BUNDLE_IDENTIFIER = "edu.missouri.cs.$(PRODUCT_NAME:rfc1034identifier)";
				PRODUCT_NAME = "$(TARGET_NAME)";
				SWIFT_VERSION = 3.0;
				TEST_HOST = "$(BUILT_PRODUCTS_DIR)/seaCow.app/seaCow";
			};
			name = Debug;
		};
		2100316A1ADD966000E1DD6D /* Release */ = {
			isa = XCBuildConfiguration;
			buildSettings = {
				BUNDLE_LOADER = "$(TEST_HOST)";
				FRAMEWORK_SEARCH_PATHS = (
					"$(SDKROOT)/Developer/Library/Frameworks",
					"$(inherited)",
				);
				INFOPLIST_FILE = seaCowTests/Info.plist;
				LD_RUNPATH_SEARCH_PATHS = "$(inherited) @executable_path/Frameworks @loader_path/Frameworks";
				PRODUCT_BUNDLE_IDENTIFIER = "edu.missouri.cs.$(PRODUCT_NAME:rfc1034identifier)";
				PRODUCT_NAME = "$(TARGET_NAME)";
				SWIFT_VERSION = 3.0;
				TEST_HOST = "$(BUILT_PRODUCTS_DIR)/seaCow.app/seaCow";
			};
			name = Release;
		};
/* End XCBuildConfiguration section */

/* Begin XCConfigurationList section */
		210031411ADD965F00E1DD6D /* Build configuration list for PBXProject "seaCow" */ = {
			isa = XCConfigurationList;
			buildConfigurations = (
				210031631ADD966000E1DD6D /* Debug */,
				210031641ADD966000E1DD6D /* Release */,
			);
			defaultConfigurationIsVisible = 0;
			defaultConfigurationName = Release;
		};
		210031651ADD966000E1DD6D /* Build configuration list for PBXNativeTarget "seaCow" */ = {
			isa = XCConfigurationList;
			buildConfigurations = (
				210031661ADD966000E1DD6D /* Debug */,
				210031671ADD966000E1DD6D /* Release */,
			);
			defaultConfigurationIsVisible = 0;
			defaultConfigurationName = Release;
		};
		210031681ADD966000E1DD6D /* Build configuration list for PBXNativeTarget "seaCowTests" */ = {
			isa = XCConfigurationList;
			buildConfigurations = (
				210031691ADD966000E1DD6D /* Debug */,
				2100316A1ADD966000E1DD6D /* Release */,
			);
			defaultConfigurationIsVisible = 0;
			defaultConfigurationName = Release;
		};
/* End XCConfigurationList section */

/* Begin XCVersionGroup section */
		2110FDCA1AF93E300072B21A /* seaCow.xcdatamodeld */ = {
			isa = XCVersionGroup;
			children = (
				2110FDCB1AF93E300072B21A /* seaCow.xcdatamodel */,
			);
			currentVersion = 2110FDCB1AF93E300072B21A /* seaCow.xcdatamodel */;
			path = seaCow.xcdatamodeld;
			sourceTree = "<group>";
			versionGroupType = wrapper.xcdatamodel;
		};
/* End XCVersionGroup section */
	};
	rootObject = 2100313E1ADD965F00E1DD6D /* Project object */;
}
